
Microsoft Visual Studio Solution File, Format Version 12.00
# Visual Studio Version 16
VisualStudioVersion = 16.0.31025.194
MinimumVisualStudioVersion = 10.0.40219.1
Project("{FAE04EC0-301F-11D3-BF4B-00C04F79EFBC}") = "IT_Postman", "IT_Postman\IT_Postman.csproj", "{42889AE7-9258-4047-8D78-19B251467031}"
EndProject
Global
	GlobalSection(SolutionConfigurationPlatforms) = preSolution
		Debug|Any CPU = Debug|Any CPU
		Release|Any CPU = Release|Any CPU
	EndGlobalSection
	GlobalSection(ProjectConfigurationPlatforms) = postSolution
		{42889AE7-9258-4047-8D78-19B251467031}.Debug|Any CPU.ActiveCfg = Debug|Any CPU
		{42889AE7-9258-4047-8D78-19B251467031}.Debug|Any CPU.Build.0 = Debug|Any CPU
		{42889AE7-9258-4047-8D78-19B251467031}.Release|Any CPU.ActiveCfg = Release|Any CPU
		{42889AE7-9258-4047-8D78-19B251467031}.Release|Any CPU.Build.0 = Release|Any CPU
	EndGlobalSection
	GlobalSection(SolutionProperties) = preSolution
		HideSolutionNode = FALSE
	EndGlobalSection
	GlobalSection(ExtensibilityGlobals) = postSolution
		SolutionGuid = {2E903C35-6A72-4106-9439-6B459802D2F1}
	EndGlobalSection
EndGlobal
